// !$*UTF8*$!
{
	archiveVersion = 1;
	classes = {
	};
	objectVersion = 46;
	objects = {

/* Begin PBXBuildFile section */
		6596B0C4162C826300E70AAF /* Foundation.framework in Frameworks */ = {isa = PBXBuildFile; fileRef = 6596B0C3162C826300E70AAF /* Foundation.framework */; };
		6596B0C6162C826300E70AAF /* CoreFoundation.framework in Frameworks */ = {isa = PBXBuildFile; fileRef = 6596B0C5162C826300E70AAF /* CoreFoundation.framework */; };
		6596B0C8162C826300E70AAF /* UIKit.framework in Frameworks */ = {isa = PBXBuildFile; fileRef = 6596B0C7162C826300E70AAF /* UIKit.framework */; };
		6596B0CA162C826300E70AAF /* MobileCoreServices.framework in Frameworks */ = {isa = PBXBuildFile; fileRef = 6596B0C9162C826300E70AAF /* MobileCoreServices.framework */; };
		6596B0CC162C826300E70AAF /* CoreGraphics.framework in Frameworks */ = {isa = PBXBuildFile; fileRef = 6596B0CB162C826300E70AAF /* CoreGraphics.framework */; };
		6596B0CE162C826300E70AAF /* SystemConfiguration.framework in Frameworks */ = {isa = PBXBuildFile; fileRef = 6596B0CD162C826300E70AAF /* SystemConfiguration.framework */; };
		6596B0D0162C826300E70AAF /* AudioToolbox.framework in Frameworks */ = {isa = PBXBuildFile; fileRef = 6596B0CF162C826300E70AAF /* AudioToolbox.framework */; };
		6596B0D2162C826300E70AAF /* CFNetwork.framework in Frameworks */ = {isa = PBXBuildFile; fileRef = 6596B0D1162C826300E70AAF /* CFNetwork.framework */; };
		6596B0D4162C826300E70AAF /* QuartzCore.framework in Frameworks */ = {isa = PBXBuildFile; fileRef = 6596B0D3162C826300E70AAF /* QuartzCore.framework */; };
		6596B0D6162C826300E70AAF /* OpenGLES.framework in Frameworks */ = {isa = PBXBuildFile; fileRef = 6596B0D5162C826300E70AAF /* OpenGLES.framework */; };
		6596B0D8162C826300E70AAF /* CoreLocation.framework in Frameworks */ = {isa = PBXBuildFile; fileRef = 6596B0D7162C826300E70AAF /* CoreLocation.framework */; };
		6596B0DA162C826300E70AAF /* CoreMedia.framework in Frameworks */ = {isa = PBXBuildFile; fileRef = 6596B0D9162C826300E70AAF /* CoreMedia.framework */; };
		6596B0DC162C826300E70AAF /* CoreVideo.framework in Frameworks */ = {isa = PBXBuildFile; fileRef = 6596B0DB162C826300E70AAF /* CoreVideo.framework */; };
		6596B0DE162C826300E70AAF /* AVFoundation.framework in Frameworks */ = {isa = PBXBuildFile; fileRef = 6596B0DD162C826300E70AAF /* AVFoundation.framework */; };
		6596B0E0162C826300E70AAF /* Security.framework in Frameworks */ = {isa = PBXBuildFile; fileRef = 6596B0DF162C826300E70AAF /* Security.framework */; };
		6596B0E6162C826300E70AAF /* AirBackgroundMusic.m in Sources */ = {isa = PBXBuildFile; fileRef = 6596B0E5162C826300E70AAF /* AirBackgroundMusic.m */; };
/* End PBXBuildFile section */

/* Begin PBXFileReference section */
		6596B0C0162C826300E70AAF /* libAirBackgroundMusic.a */ = {isa = PBXFileReference; explicitFileType = archive.ar; includeInIndex = 0; path = libAirBackgroundMusic.a; sourceTree = BUILT_PRODUCTS_DIR; };
		6596B0C3162C826300E70AAF /* Foundation.framework */ = {isa = PBXFileReference; lastKnownFileType = wrapper.framework; name = Foundation.framework; path = System/Library/Frameworks/Foundation.framework; sourceTree = SDKROOT; };
		6596B0C5162C826300E70AAF /* CoreFoundation.framework */ = {isa = PBXFileReference; lastKnownFileType = wrapper.framework; name = CoreFoundation.framework; path = System/Library/Frameworks/CoreFoundation.framework; sourceTree = SDKROOT; };
		6596B0C7162C826300E70AAF /* UIKit.framework */ = {isa = PBXFileReference; lastKnownFileType = wrapper.framework; name = UIKit.framework; path = System/Library/Frameworks/UIKit.framework; sourceTree = SDKROOT; };
		6596B0C9162C826300E70AAF /* MobileCoreServices.framework */ = {isa = PBXFileReference; lastKnownFileType = wrapper.framework; name = MobileCoreServices.framework; path = System/Library/Frameworks/MobileCoreServices.framework; sourceTree = SDKROOT; };
		6596B0CB162C826300E70AAF /* CoreGraphics.framework */ = {isa = PBXFileReference; lastKnownFileType = wrapper.framework; name = CoreGraphics.framework; path = System/Library/Frameworks/CoreGraphics.framework; sourceTree = SDKROOT; };
		6596B0CD162C826300E70AAF /* SystemConfiguration.framework */ = {isa = PBXFileReference; lastKnownFileType = wrapper.framework; name = SystemConfiguration.framework; path = System/Library/Frameworks/SystemConfiguration.framework; sourceTree = SDKROOT; };
		6596B0CF162C826300E70AAF /* AudioToolbox.framework */ = {isa = PBXFileReference; lastKnownFileType = wrapper.framework; name = AudioToolbox.framework; path = System/Library/Frameworks/AudioToolbox.framework; sourceTree = SDKROOT; };
		6596B0D1162C826300E70AAF /* CFNetwork.framework */ = {isa = PBXFileReference; lastKnownFileType = wrapper.framework; name = CFNetwork.framework; path = System/Library/Frameworks/CFNetwork.framework; sourceTree = SDKROOT; };
		6596B0D3162C826300E70AAF /* QuartzCore.framework */ = {isa = PBXFileReference; lastKnownFileType = wrapper.framework; name = QuartzCore.framework; path = System/Library/Frameworks/QuartzCore.framework; sourceTree = SDKROOT; };
		6596B0D5162C826300E70AAF /* OpenGLES.framework */ = {isa = PBXFileReference; lastKnownFileType = wrapper.framework; name = OpenGLES.framework; path = System/Library/Frameworks/OpenGLES.framework; sourceTree = SDKROOT; };
		6596B0D7162C826300E70AAF /* CoreLocation.framework */ = {isa = PBXFileReference; lastKnownFileType = wrapper.framework; name = CoreLocation.framework; path = System/Library/Frameworks/CoreLocation.framework; sourceTree = SDKROOT; };
		6596B0D9162C826300E70AAF /* CoreMedia.framework */ = {isa = PBXFileReference; lastKnownFileType = wrapper.framework; name = CoreMedia.framework; path = System/Library/Frameworks/CoreMedia.framework; sourceTree = SDKROOT; };
		6596B0DB162C826300E70AAF /* CoreVideo.framework */ = {isa = PBXFileReference; lastKnownFileType = wrapper.framework; name = CoreVideo.framework; path = System/Library/Frameworks/CoreVideo.framework; sourceTree = SDKROOT; };
		6596B0DD162C826300E70AAF /* AVFoundation.framework */ = {isa = PBXFileReference; lastKnownFileType = wrapper.framework; name = AVFoundation.framework; path = System/Library/Frameworks/AVFoundation.framework; sourceTree = SDKROOT; };
		6596B0DF162C826300E70AAF /* Security.framework */ = {isa = PBXFileReference; lastKnownFileType = wrapper.framework; name = Security.framework; path = System/Library/Frameworks/Security.framework; sourceTree = SDKROOT; };
		6596B0E3162C826300E70AAF /* AirBackgroundMusic-Prefix.pch */ = {isa = PBXFileReference; lastKnownFileType = sourcecode.c.h; path = "AirBackgroundMusic-Prefix.pch"; sourceTree = "<group>"; };
		6596B0E4162C826300E70AAF /* AirBackgroundMusic.h */ = {isa = PBXFileReference; lastKnownFileType = sourcecode.c.h; path = AirBackgroundMusic.h; sourceTree = "<group>"; };
		6596B0E5162C826300E70AAF /* AirBackgroundMusic.m */ = {isa = PBXFileReference; lastKnownFileType = sourcecode.c.objc; path = AirBackgroundMusic.m; sourceTree = "<group>"; };
		6596B0E7162C826300E70AAF /* platformoptions.xml */ = {isa = PBXFileReference; lastKnownFileType = text.xml; path = platformoptions.xml; sourceTree = "<group>"; };
/* End PBXFileReference section */

/* Begin PBXFrameworksBuildPhase section */
		6596B0BD162C826300E70AAF /* Frameworks */ = {
			isa = PBXFrameworksBuildPhase;
			buildActionMask = 2147483647;
			files = (
				6596B0C4162C826300E70AAF /* Foundation.framework in Frameworks */,
				6596B0C6162C826300E70AAF /* CoreFoundation.framework in Frameworks */,
				6596B0C8162C826300E70AAF /* UIKit.framework in Frameworks */,
				6596B0CA162C826300E70AAF /* MobileCoreServices.framework in Frameworks */,
				6596B0CC162C826300E70AAF /* CoreGraphics.framework in Frameworks */,
				6596B0CE162C826300E70AAF /* SystemConfiguration.framework in Frameworks */,
				6596B0D0162C826300E70AAF /* AudioToolbox.framework in Frameworks */,
				6596B0D2162C826300E70AAF /* CFNetwork.framework in Frameworks */,
				6596B0D4162C826300E70AAF /* QuartzCore.framework in Frameworks */,
				6596B0D6162C826300E70AAF /* OpenGLES.framework in Frameworks */,
				6596B0D8162C826300E70AAF /* CoreLocation.framework in Frameworks */,
				6596B0DA162C826300E70AAF /* CoreMedia.framework in Frameworks */,
				6596B0DC162C826300E70AAF /* CoreVideo.framework in Frameworks */,
				6596B0DE162C826300E70AAF /* AVFoundation.framework in Frameworks */,
				6596B0E0162C826300E70AAF /* Security.framework in Frameworks */,
			);
			runOnlyForDeploymentPostprocessing = 0;
		};
/* End PBXFrameworksBuildPhase section */

/* Begin PBXGroup section */
		6596B0B5162C826300E70AAF = {
			isa = PBXGroup;
			children = (
				6596B0E1162C826300E70AAF /* AirBackgroundMusic */,
				6596B0C2162C826300E70AAF /* Frameworks */,
				6596B0C1162C826300E70AAF /* Products */,
			);
			sourceTree = "<group>";
		};
		6596B0C1162C826300E70AAF /* Products */ = {
			isa = PBXGroup;
			children = (
				6596B0C0162C826300E70AAF /* libAirBackgroundMusic.a */,
			);
			name = Products;
			sourceTree = "<group>";
		};
		6596B0C2162C826300E70AAF /* Frameworks */ = {
			isa = PBXGroup;
			children = (
				6596B0C3162C826300E70AAF /* Foundation.framework */,
				6596B0C5162C826300E70AAF /* CoreFoundation.framework */,
				6596B0C7162C826300E70AAF /* UIKit.framework */,
				6596B0C9162C826300E70AAF /* MobileCoreServices.framework */,
				6596B0CB162C826300E70AAF /* CoreGraphics.framework */,
				6596B0CD162C826300E70AAF /* SystemConfiguration.framework */,
				6596B0CF162C826300E70AAF /* AudioToolbox.framework */,
				6596B0D1162C826300E70AAF /* CFNetwork.framework */,
				6596B0D3162C826300E70AAF /* QuartzCore.framework */,
				6596B0D5162C826300E70AAF /* OpenGLES.framework */,
				6596B0D7162C826300E70AAF /* CoreLocation.framework */,
				6596B0D9162C826300E70AAF /* CoreMedia.framework */,
				6596B0DB162C826300E70AAF /* CoreVideo.framework */,
				6596B0DD162C826300E70AAF /* AVFoundation.framework */,
				6596B0DF162C826300E70AAF /* Security.framework */,
			);
			name = Frameworks;
			sourceTree = "<group>";
		};
		6596B0E1162C826300E70AAF /* AirBackgroundMusic */ = {
			isa = PBXGroup;
			children = (
				6596B0E4162C826300E70AAF /* AirBackgroundMusic.h */,
				6596B0E5162C826300E70AAF /* AirBackgroundMusic.m */,
				6596B0E2162C826300E70AAF /* Supporting Files */,
			);
			path = AirBackgroundMusic;
			sourceTree = "<group>";
		};
		6596B0E2162C826300E70AAF /* Supporting Files */ = {
			isa = PBXGroup;
			children = (
				6596B0E3162C826300E70AAF /* AirBackgroundMusic-Prefix.pch */,
				6596B0E7162C826300E70AAF /* platformoptions.xml */,
			);
			name = "Supporting Files";
			sourceTree = "<group>";
		};
/* End PBXGroup section */

/* Begin PBXHeadersBuildPhase section */
		6596B0BE162C826300E70AAF /* Headers */ = {
			isa = PBXHeadersBuildPhase;
			buildActionMask = 2147483647;
			files = (
			);
			runOnlyForDeploymentPostprocessing = 0;
		};
/* End PBXHeadersBuildPhase section */

/* Begin PBXNativeTarget section */
		6596B0BF162C826300E70AAF /* AirBackgroundMusic */ = {
			isa = PBXNativeTarget;
			buildConfigurationList = 6596B0EA162C826300E70AAF /* Build configuration list for PBXNativeTarget "AirBackgroundMusic" */;
			buildPhases = (
				6596B0BC162C826300E70AAF /* Sources */,
				6596B0BD162C826300E70AAF /* Frameworks */,
				6596B0BE162C826300E70AAF /* Headers */,
			);
			buildRules = (
			);
			dependencies = (
			);
			name = AirBackgroundMusic;
			productName = AirBackgroundMusic;
			productReference = 6596B0C0162C826300E70AAF /* libAirBackgroundMusic.a */;
			productType = "com.apple.product-type.library.static";
		};
/* End PBXNativeTarget section */

/* Begin PBXProject section */
		6596B0B7162C826300E70AAF /* Project object */ = {
			isa = PBXProject;
			attributes = {
				LastUpgradeCheck = 0450;
			};
			buildConfigurationList = 6596B0BA162C826300E70AAF /* Build configuration list for PBXProject "AirBackgroundMusic" */;
			compatibilityVersion = "Xcode 3.2";
			developmentRegion = English;
			hasScannedForEncodings = 0;
			knownRegions = (
				en,
			);
			mainGroup = 6596B0B5162C826300E70AAF;
			productRefGroup = 6596B0C1162C826300E70AAF /* Products */;
			projectDirPath = "";
			projectRoot = "";
			targets = (
				6596B0BF162C826300E70AAF /* AirBackgroundMusic */,
			);
		};
/* End PBXProject section */

/* Begin PBXSourcesBuildPhase section */
		6596B0BC162C826300E70AAF /* Sources */ = {
			isa = PBXSourcesBuildPhase;
			buildActionMask = 2147483647;
			files = (
				6596B0E6162C826300E70AAF /* AirBackgroundMusic.m in Sources */,
			);
			runOnlyForDeploymentPostprocessing = 0;
		};
/* End PBXSourcesBuildPhase section */

/* Begin XCBuildConfiguration section */
		6596B0E8162C826300E70AAF /* Debug */ = {
			isa = XCBuildConfiguration;
			buildSettings = {
				ALWAYS_SEARCH_USER_PATHS = NO;
				ARCHS = "$(ARCHS_STANDARD_32_BIT)";
				CLANG_ENABLE_OBJC_ARC = NO;
				COPY_PHASE_STRIP = NO;
				GCC_C_LANGUAGE_STANDARD = gnu99;
				GCC_DYNAMIC_NO_PIC = NO;
				GCC_ENABLE_CPP_EXCEPTIONS = NO;
				GCC_ENABLE_OBJC_EXCEPTIONS = NO;
				GCC_OPTIMIZATION_LEVEL = 0;
				GCC_PREPROCESSOR_DEFINITIONS = (
					"DEBUG=1",
					"$(inherited)",
				);
				GCC_SYMBOLS_PRIVATE_EXTERN = NO;
				GCC_VERSION = com.apple.compilers.llvmgcc42;
				GCC_WARN_ABOUT_MISSING_PROTOTYPES = YES;
				GCC_WARN_ABOUT_RETURN_TYPE = YES;
				GCC_WARN_UNUSED_VARIABLE = YES;
				IPHONEOS_DEPLOYMENT_TARGET = 4.3;
				SDKROOT = iphoneos;
				USER_HEADER_SEARCH_PATHS = "/Users/daniel/Projects/Freshplanet/ANE-Utils/air3sdk-include/";
			};
			name = Debug;
		};
		6596B0E9162C826300E70AAF /* Release */ = {
			isa = XCBuildConfiguration;
			buildSettings = {
				ALWAYS_SEARCH_USER_PATHS = NO;
				ARCHS = "$(ARCHS_STANDARD_32_BIT)";
				CLANG_ENABLE_OBJC_ARC = NO;
				COPY_PHASE_STRIP = YES;
				GCC_C_LANGUAGE_STANDARD = gnu99;
				GCC_ENABLE_CPP_EXCEPTIONS = NO;
				GCC_ENABLE_OBJC_EXCEPTIONS = NO;
				GCC_VERSION = com.apple.compilers.llvmgcc42;
				GCC_WARN_ABOUT_MISSING_PROTOTYPES = YES;
				GCC_WARN_ABOUT_RETURN_TYPE = YES;
				GCC_WARN_UNUSED_VARIABLE = YES;
				IPHONEOS_DEPLOYMENT_TARGET = 4.3;
				SDKROOT = iphoneos;
				USER_HEADER_SEARCH_PATHS = "/Users/daniel/Projects/Freshplanet/ANE-Utils/air3sdk-include/";
				VALIDATE_PRODUCT = YES;
			};
			name = Release;
		};
		6596B0EB162C826300E70AAF /* Debug */ = {
			isa = XCBuildConfiguration;
			buildSettings = {
				DSTROOT = /tmp/AirBackgroundMusic.dst;
				GCC_PRECOMPILE_PREFIX_HEADER = YES;
				GCC_PREFIX_HEADER = "AirBackgroundMusic/AirBackgroundMusic-Prefix.pch";
				OTHER_LDFLAGS = "-ObjC";
				PRODUCT_NAME = "$(TARGET_NAME)";
				SKIP_INSTALL = YES;
			};
			name = Debug;
		};
		6596B0EC162C826300E70AAF /* Release */ = {
			isa = XCBuildConfiguration;
			buildSettings = {
				DSTROOT = /tmp/AirBackgroundMusic.dst;
				GCC_PRECOMPILE_PREFIX_HEADER = YES;
				GCC_PREFIX_HEADER = "AirBackgroundMusic/AirBackgroundMusic-Prefix.pch";
				OTHER_LDFLAGS = "-ObjC";
				PRODUCT_NAME = "$(TARGET_NAME)";
				SKIP_INSTALL = YES;
			};
			name = Release;
		};
/* End XCBuildConfiguration section */

/* Begin XCConfigurationList section */
		6596B0BA162C826300E70AAF /* Build configuration list for PBXProject "AirBackgroundMusic" */ = {
			isa = XCConfigurationList;
			buildConfigurations = (
				6596B0E8162C826300E70AAF /* Debug */,
				6596B0E9162C826300E70AAF /* Release */,
			);
			defaultConfigurationIsVisible = 0;
			defaultConfigurationName = Release;
		};
		6596B0EA162C826300E70AAF /* Build configuration list for PBXNativeTarget "AirBackgroundMusic" */ = {
			isa = XCConfigurationList;
			buildConfigurations = (
				6596B0EB162C826300E70AAF /* Debug */,
				6596B0EC162C826300E70AAF /* Release */,
			);
			defaultConfigurationIsVisible = 0;
		};
/* End XCConfigurationList section */
	};
	rootObject = 6596B0B7162C826300E70AAF /* Project object */;
}
